
Microsoft Visual Studio Solution File, Format Version 12.00
# Visual Studio Version 17
VisualStudioVersion = 17.8.34330.188
MinimumVisualStudioVersion = 10.0.40219.1
Project("{9A19103F-16F7-4668-BE54-9A1E7A4F7556}") = "Smoke Less 2024", "Smoke Less 2024.csproj", "{800E03BC-F669-46DA-AFDB-FD9D9A434B64}"
EndProject
Global
	GlobalSection(SolutionConfigurationPlatforms) = preSolution
		Debug|Any CPU = Debug|Any CPU
		Debug|x64 = Debug|x64
		Release|Any CPU = Release|Any CPU
		Release|x64 = Release|x64
	EndGlobalSection
	GlobalSection(ProjectConfigurationPlatforms) = postSolution
		{800E03BC-F669-46DA-AFDB-FD9D9A434B64}.Debug|Any CPU.ActiveCfg = Debug|Any CPU
		{800E03BC-F669-46DA-AFDB-FD9D9A434B64}.Debug|x64.ActiveCfg = Debug|Any CPU
		{800E03BC-F669-46DA-AFDB-FD9D9A434B64}.Release|Any CPU.ActiveCfg = Release|Any CPU
		{800E03BC-F669-46DA-AFDB-FD9D9A434B64}.Release|Any CPU.Build.0 = Release|Any CPU
		{800E03BC-F669-46DA-AFDB-FD9D9A434B64}.Release|x64.ActiveCfg = Release|x64
		{800E03BC-F669-46DA-AFDB-FD9D9A434B64}.Release|x64.Build.0 = Release|x64
	EndGlobalSection
	GlobalSection(SolutionProperties) = preSolution
		HideSolutionNode = FALSE
	EndGlobalSection
	GlobalSection(ExtensibilityGlobals) = postSolution
		SolutionGuid = {A5596A17-6B5B-484E-A66B-AFE2AC902691}
	EndGlobalSection
EndGlobal
