
Microsoft Visual Studio Solution File, Format Version 12.00
# Visual Studio Version 16
VisualStudioVersion = 16.0.33529.622
MinimumVisualStudioVersion = 10.0.40219.1
Project("{FAE04EC0-301F-11D3-BF4B-00C04F79EFBC}") = "Smoke Less 2024", "Smoke Less 2024.csproj", "{800E03BC-F669-46DA-AFDB-FD9D9A434B64}"
EndProject
Global
	GlobalSection(SolutionConfigurationPlatforms) = preSolution
		Debug|Any CPU = Debug|Any CPU
		Release|Any CPU = Release|Any CPU
	EndGlobalSection
	GlobalSection(ProjectConfigurationPlatforms) = postSolution
		{800E03BC-F669-46DA-AFDB-FD9D9A434B64}.Debug|Any CPU.ActiveCfg = Debug|Any CPU
		{800E03BC-F669-46DA-AFDB-FD9D9A434B64}.Debug|Any CPU.Build.0 = Debug|Any CPU
		{800E03BC-F669-46DA-AFDB-FD9D9A434B64}.Release|Any CPU.ActiveCfg = Release|Any CPU
		{800E03BC-F669-46DA-AFDB-FD9D9A434B64}.Release|Any CPU.Build.0 = Release|Any CPU
	EndGlobalSection
	GlobalSection(SolutionProperties) = preSolution
		HideSolutionNode = FALSE
	EndGlobalSection
	GlobalSection(ExtensibilityGlobals) = postSolution
		SolutionGuid = {A5596A17-6B5B-484E-A66B-AFE2AC902691}
	EndGlobalSection
EndGlobal
